
Microsoft Visual Studio Solution File, Format Version 12.00
# Visual Studio Version 16
VisualStudioVersion = 16.0.29009.5
MinimumVisualStudioVersion = 10.0.40219.1
Project("{FAE04EC0-301F-11D3-BF4B-00C04F79EFBC}") = "Server", "Server.csproj", "{536C21F4-A742-4339-9BDF-AC0E62448EB3}"
EndProject
Global
	GlobalSection(SolutionConfigurationPlatforms) = preSolution
		Debug|Any CPU = Debug|Any CPU
		Release|Any CPU = Release|Any CPU
	EndGlobalSection
	GlobalSection(ProjectConfigurationPlatforms) = postSolution
		{536C21F4-A742-4339-9BDF-AC0E62448EB3}.Debug|Any CPU.ActiveCfg = Debug|Any CPU
		{536C21F4-A742-4339-9BDF-AC0E62448EB3}.Debug|Any CPU.Build.0 = Debug|Any CPU
		{536C21F4-A742-4339-9BDF-AC0E62448EB3}.Release|Any CPU.ActiveCfg = Release|Any CPU
		{536C21F4-A742-4339-9BDF-AC0E62448EB3}.Release|Any CPU.Build.0 = Release|Any CPU
	EndGlobalSection
	GlobalSection(SolutionProperties) = preSolution
		HideSolutionNode = FALSE
	EndGlobalSection
	GlobalSection(ExtensibilityGlobals) = postSolution
		SolutionGuid = {11259C4F-E6ED-4497-8AAE-973014F5C828}
	EndGlobalSection
EndGlobal
